
Microsoft Visual Studio Solution File, Format Version 12.00
# Visual Studio Version 17
VisualStudioVersion = 17.0.31903.59
MinimumVisualStudioVersion = 10.0.40219.1
Project("{FAE04EC0-301F-11D3-BF4B-00C04F79EFBC}") = "Finances.Api", "Finances.Api\Finances.Api.csproj", "{6ABC712B-49C5-4A84-A528-474CB26BA7F3}"
EndProject
Project("{FAE04EC0-301F-11D3-BF4B-00C04F79EFBC}") = "Finances.Core", "Finances.Core\Finances.Core.csproj", "{3B1764A0-5643-4F4D-8BE1-50C2E451B49E}"
EndProject
Project("{FAE04EC0-301F-11D3-BF4B-00C04F79EFBC}") = "Finances.Web", "Finances.Web\Finances.Web.csproj", "{5BB76B49-03D3-4F2E-B715-316C299CC744}"
EndProject
Global
	GlobalSection(SolutionConfigurationPlatforms) = preSolution
		Debug|Any CPU = Debug|Any CPU
		Release|Any CPU = Release|Any CPU
	EndGlobalSection
	GlobalSection(SolutionProperties) = preSolution
		HideSolutionNode = FALSE
	EndGlobalSection
	GlobalSection(ProjectConfigurationPlatforms) = postSolution
		{6ABC712B-49C5-4A84-A528-474CB26BA7F3}.Debug|Any CPU.ActiveCfg = Debug|Any CPU
		{6ABC712B-49C5-4A84-A528-474CB26BA7F3}.Debug|Any CPU.Build.0 = Debug|Any CPU
		{6ABC712B-49C5-4A84-A528-474CB26BA7F3}.Release|Any CPU.ActiveCfg = Release|Any CPU
		{6ABC712B-49C5-4A84-A528-474CB26BA7F3}.Release|Any CPU.Build.0 = Release|Any CPU
		{3B1764A0-5643-4F4D-8BE1-50C2E451B49E}.Debug|Any CPU.ActiveCfg = Debug|Any CPU
		{3B1764A0-5643-4F4D-8BE1-50C2E451B49E}.Debug|Any CPU.Build.0 = Debug|Any CPU
		{3B1764A0-5643-4F4D-8BE1-50C2E451B49E}.Release|Any CPU.ActiveCfg = Release|Any CPU
		{3B1764A0-5643-4F4D-8BE1-50C2E451B49E}.Release|Any CPU.Build.0 = Release|Any CPU
		{5BB76B49-03D3-4F2E-B715-316C299CC744}.Debug|Any CPU.ActiveCfg = Debug|Any CPU
		{5BB76B49-03D3-4F2E-B715-316C299CC744}.Debug|Any CPU.Build.0 = Debug|Any CPU
		{5BB76B49-03D3-4F2E-B715-316C299CC744}.Release|Any CPU.ActiveCfg = Release|Any CPU
		{5BB76B49-03D3-4F2E-B715-316C299CC744}.Release|Any CPU.Build.0 = Release|Any CPU
	EndGlobalSection
EndGlobal
